
Microsoft Visual Studio Solution File, Format Version 12.00
# Visual Studio Version 16
VisualStudioVersion = 16.0.31205.134
MinimumVisualStudioVersion = 10.0.40219.1
Project("{8BC9CEB8-8B4A-11D0-8D11-00A0C91BC942}") = "projectGame", "projectGame\projectGame.vcxproj", "{52A6067B-B9D9-484E-9AA6-7A60F4A075FF}"
EndProject
Project("{8BC9CEB8-8B4A-11D0-8D11-00A0C91BC942}") = "01-Skeleton", "01-Skeleton\01-Skeleton.vcxproj", "{959C78E1-3BC0-4E30-BB42-048A1F251A85}"
EndProject
Project("{8BC9CEB8-8B4A-11D0-8D11-00A0C91BC942}") = "02-Sprite", "02-Sprite\02-Sprite.vcxproj", "{AADFB8E6-BDA3-4F69-9F0F-5C30EE6EACBA}"
EndProject
Project("{8BC9CEB8-8B4A-11D0-8D11-00A0C91BC942}") = "03-Keyboard-States", "03-Keyboard-States\03-Keyboard-States.vcxproj", "{5BB3DC44-D6AF-494B-9841-43B9AE3C6588}"
EndProject
Global
	GlobalSection(SolutionConfigurationPlatforms) = preSolution
		Debug|x64 = Debug|x64
		Debug|x86 = Debug|x86
		Release|x64 = Release|x64
		Release|x86 = Release|x86
	EndGlobalSection
	GlobalSection(ProjectConfigurationPlatforms) = postSolution
		{52A6067B-B9D9-484E-9AA6-7A60F4A075FF}.Debug|x64.ActiveCfg = Debug|x64
		{52A6067B-B9D9-484E-9AA6-7A60F4A075FF}.Debug|x64.Build.0 = Debug|x64
		{52A6067B-B9D9-484E-9AA6-7A60F4A075FF}.Debug|x86.ActiveCfg = Debug|Win32
		{52A6067B-B9D9-484E-9AA6-7A60F4A075FF}.Debug|x86.Build.0 = Debug|Win32
		{52A6067B-B9D9-484E-9AA6-7A60F4A075FF}.Release|x64.ActiveCfg = Release|x64
		{52A6067B-B9D9-484E-9AA6-7A60F4A075FF}.Release|x64.Build.0 = Release|x64
		{52A6067B-B9D9-484E-9AA6-7A60F4A075FF}.Release|x86.ActiveCfg = Release|Win32
		{52A6067B-B9D9-484E-9AA6-7A60F4A075FF}.Release|x86.Build.0 = Release|Win32
		{959C78E1-3BC0-4E30-BB42-048A1F251A85}.Debug|x64.ActiveCfg = Debug|x64
		{959C78E1-3BC0-4E30-BB42-048A1F251A85}.Debug|x64.Build.0 = Debug|x64
		{959C78E1-3BC0-4E30-BB42-048A1F251A85}.Debug|x86.ActiveCfg = Debug|Win32
		{959C78E1-3BC0-4E30-BB42-048A1F251A85}.Debug|x86.Build.0 = Debug|Win32
		{959C78E1-3BC0-4E30-BB42-048A1F251A85}.Release|x64.ActiveCfg = Release|x64
		{959C78E1-3BC0-4E30-BB42-048A1F251A85}.Release|x64.Build.0 = Release|x64
		{959C78E1-3BC0-4E30-BB42-048A1F251A85}.Release|x86.ActiveCfg = Release|Win32
		{959C78E1-3BC0-4E30-BB42-048A1F251A85}.Release|x86.Build.0 = Release|Win32
		{AADFB8E6-BDA3-4F69-9F0F-5C30EE6EACBA}.Debug|x64.ActiveCfg = Debug|x64
		{AADFB8E6-BDA3-4F69-9F0F-5C30EE6EACBA}.Debug|x64.Build.0 = Debug|x64
		{AADFB8E6-BDA3-4F69-9F0F-5C30EE6EACBA}.Debug|x86.ActiveCfg = Debug|Win32
		{AADFB8E6-BDA3-4F69-9F0F-5C30EE6EACBA}.Debug|x86.Build.0 = Debug|Win32
		{AADFB8E6-BDA3-4F69-9F0F-5C30EE6EACBA}.Release|x64.ActiveCfg = Release|x64
		{AADFB8E6-BDA3-4F69-9F0F-5C30EE6EACBA}.Release|x64.Build.0 = Release|x64
		{AADFB8E6-BDA3-4F69-9F0F-5C30EE6EACBA}.Release|x86.ActiveCfg = Release|Win32
		{AADFB8E6-BDA3-4F69-9F0F-5C30EE6EACBA}.Release|x86.Build.0 = Release|Win32
		{5BB3DC44-D6AF-494B-9841-43B9AE3C6588}.Debug|x64.ActiveCfg = Debug|x64
		{5BB3DC44-D6AF-494B-9841-43B9AE3C6588}.Debug|x64.Build.0 = Debug|x64
		{5BB3DC44-D6AF-494B-9841-43B9AE3C6588}.Debug|x86.ActiveCfg = Debug|Win32
		{5BB3DC44-D6AF-494B-9841-43B9AE3C6588}.Debug|x86.Build.0 = Debug|Win32
		{5BB3DC44-D6AF-494B-9841-43B9AE3C6588}.Release|x64.ActiveCfg = Release|x64
		{5BB3DC44-D6AF-494B-9841-43B9AE3C6588}.Release|x64.Build.0 = Release|x64
		{5BB3DC44-D6AF-494B-9841-43B9AE3C6588}.Release|x86.ActiveCfg = Release|Win32
		{5BB3DC44-D6AF-494B-9841-43B9AE3C6588}.Release|x86.Build.0 = Release|Win32
	EndGlobalSection
	GlobalSection(SolutionProperties) = preSolution
		HideSolutionNode = FALSE
	EndGlobalSection
	GlobalSection(ExtensibilityGlobals) = postSolution
		SolutionGuid = {798079B8-7667-4049-A3F6-A2FC36CD78AC}
	EndGlobalSection
EndGlobal
